
Microsoft Visual Studio Solution File, Format Version 12.00
Project("{FAE04EC0-301F-11D3-BF4B-00C04F79EFBC}") = "EmployeeAPP", "EmployeeAPP\EmployeeAPP.csproj", "{37EF1AF4-A8B0-4FA0-B4C9-A3F38F28659E}"
EndProject
Global
	GlobalSection(SolutionConfigurationPlatforms) = preSolution
		Debug|Any CPU = Debug|Any CPU
		Release|Any CPU = Release|Any CPU
	EndGlobalSection
	GlobalSection(ProjectConfigurationPlatforms) = postSolution
		{37EF1AF4-A8B0-4FA0-B4C9-A3F38F28659E}.Debug|Any CPU.ActiveCfg = Debug|Any CPU
		{37EF1AF4-A8B0-4FA0-B4C9-A3F38F28659E}.Debug|Any CPU.Build.0 = Debug|Any CPU
		{37EF1AF4-A8B0-4FA0-B4C9-A3F38F28659E}.Release|Any CPU.ActiveCfg = Release|Any CPU
		{37EF1AF4-A8B0-4FA0-B4C9-A3F38F28659E}.Release|Any CPU.Build.0 = Release|Any CPU
	EndGlobalSection
EndGlobal
